# This file is generated by running "yarn install" inside your project.
# Manual changes might be lost - proceed with caution!

__metadata:
  version: 7
  cacheKey: 9

"@babel/code-frame@npm:^7.0.0":
  version: 7.22.13
  resolution: "@babel/code-frame@npm:7.22.13"
  dependencies:
    "@babel/highlight": "npm:^7.22.13"
    chalk: "npm:^2.4.2"
  checksum: eeb7e25e1ffe306d8e161d03a9d8e301be6942e69f4ce3c75e99005e199fa528ca25dfba6b18631af6ffa7d9c63e3ddfa554c42d88762f1d3ad4ea462f392dff
  languageName: node
  linkType: hard

"@babel/helper-validator-identifier@npm:^7.22.20":
  version: 7.22.20
  resolution: "@babel/helper-validator-identifier@npm:7.22.20"
  checksum: 7eb30962ba37b25098b35572f0d27eb600355195922b5cfbc3ae6b3451320754770add9f871a9c8358f169e01e84082eb66e6d94e71660a63beeacefe46f8f6d
  languageName: node
  linkType: hard

"@babel/highlight@npm:^7.22.13":
  version: 7.22.20
  resolution: "@babel/highlight@npm:7.22.20"
  dependencies:
    "@babel/helper-validator-identifier": "npm:^7.22.20"
    chalk: "npm:^2.4.2"
    js-tokens: "npm:^4.0.0"
  checksum: a07163af774a3ebbc5ccc68dc709ff3d57ed35590ad5d47d86ffdbe1c8c172799fcb9c9b2b682d54007b999de0b314a1be10123540a53ec5ab56f1b8011bc629
  languageName: node
  linkType: hard

"MM-LAB@workspace:.":
  version: 0.0.0-use.local
  resolution: "MM-LAB@workspace:."
  dependencies:
    tslint: "npm:^6.1.3"
    typescript: "npm:^5.2.2"
  languageName: unknown
  linkType: soft

"ansi-styles@npm:^3.2.1":
  version: 3.2.1
  resolution: "ansi-styles@npm:3.2.1"
  dependencies:
    color-convert: "npm:^1.9.0"
  checksum: 88847a8969fcf787779a2cd03e73cd85ac45cbccace293e1227445dd6452cdf11df752c5f9afdb47343439762b96ae7baad1caf848360576d60be5e92f6842ab
  languageName: node
  linkType: hard

"argparse@npm:^1.0.7":
  version: 1.0.10
  resolution: "argparse@npm:1.0.10"
  dependencies:
    sprintf-js: "npm:~1.0.2"
  checksum: 6112e287a501a4badb8451c3b84420daa75dc4e1ac55d7ce086a492b2cf7d55f2fc0473acb62fc6af2d8013cf255d5d24734c10b4c2c6e440731644f8845c96b
  languageName: node
  linkType: hard

"balanced-match@npm:^1.0.0":
  version: 1.0.2
  resolution: "balanced-match@npm:1.0.2"
  checksum: 9ca7fca1845f06edbd8478e209a2e8eed5bb148a021719e77affeaf0c61e45af20279e4540a9f11942acc27c078fc132ff0ebc9c16a403033cff5af3d8199f40
  languageName: node
  linkType: hard

"brace-expansion@npm:^1.1.7":
  version: 1.1.11
  resolution: "brace-expansion@npm:1.1.11"
  dependencies:
    balanced-match: "npm:^1.0.0"
    concat-map: "npm:0.0.1"
  checksum: 5ecc6da29cd3b4d49a832fd8e48f3a8b6ac058f82fe778eb6751ed30a206c5ec5171f6f632aa1946ffb4f8151136740803f620b15edca8437a9348cbb21a8ba8
  languageName: node
  linkType: hard

"builtin-modules@npm:^1.1.1":
  version: 1.1.1
  resolution: "builtin-modules@npm:1.1.1"
  checksum: 8880ee4d62a3465a8e5ecf080b61ed1fffb5c57a2d850051c82418c599dd1743b5e85207e845867191e022286b7a8a5947dc81d3cb009ee4b30d8b21dcbb06b7
  languageName: node
  linkType: hard

"chalk@npm:^2.3.0, chalk@npm:^2.4.2":
  version: 2.4.2
  resolution: "chalk@npm:2.4.2"
  dependencies:
    ansi-styles: "npm:^3.2.1"
    escape-string-regexp: "npm:^1.0.5"
    supports-color: "npm:^5.3.0"
  checksum: befd2fe888067cfc8ceac2e7a6a62ee763b26112479dce4ee396981288fa21d5cdf3cc1b45692c94c7c6dc3638c4dc3ee6ec1c794efdf42b02e02f93039285ec
  languageName: node
  linkType: hard

"color-convert@npm:^1.9.0":
  version: 1.9.3
  resolution: "color-convert@npm:1.9.3"
  dependencies:
    color-name: "npm:1.1.3"
  checksum: 42f852d574dc58609bba286cd7d10a407e213e20515c0d5d1dd8059b3d4373cd76d1057c3a242f441f2dfc6667badeb790a792662082c8038889c9235f4cd9fa
  languageName: node
  linkType: hard

"color-name@npm:1.1.3":
  version: 1.1.3
  resolution: "color-name@npm:1.1.3"
  checksum: b7313c98fd745336a5e1d64921591bcd60e4e0b3894afb56286a4793c4fd304d4a38b00b514845381215ca5ed2994be05d2e1a5a80860b996d26f5f285c77dda
  languageName: node
  linkType: hard

"commander@npm:^2.12.1":
  version: 2.20.3
  resolution: "commander@npm:2.20.3"
  checksum: a6cb7ce73cc1db74a2da4bb6b4fc4f9a655ba35beb90f32bf5831d7d3be610dafc01dcc8a17f8204cf4e3f1f434d2115b7db56dfb0b827d42b10d1ba6ae8cbb4
  languageName: node
  linkType: hard

"concat-map@npm:0.0.1":
  version: 0.0.1
  resolution: "concat-map@npm:0.0.1"
  checksum: 88222f18b3a68b71fe4473a146c8ed3315ec0488703104319c53543ad4668af3e79418ab79e2fa8032ee04c3eb45cc478815b89877a048cc5ba34e201bc15c35
  languageName: node
  linkType: hard

"diff@npm:^4.0.1":
  version: 4.0.2
  resolution: "diff@npm:4.0.2"
  checksum: 1b445113c0727e15646a058b2794df63366bd1e32abf078990b78c2a355fe72e4e3c8de3399f2c5d67f06cd461acdebd91b5f71cb2cd02f7300bdb926a3cd6e2
  languageName: node
  linkType: hard

"escape-string-regexp@npm:^1.0.5":
  version: 1.0.5
  resolution: "escape-string-regexp@npm:1.0.5"
  checksum: 14d2c74a990b4a0ae55f299409693533a620402a6efa02b201d7e2ea60c71a516c36ccfcaf2aa604262eec6c4628bf8b9647e211fb179277cb479bd870c906fa
  languageName: node
  linkType: hard

"esprima@npm:^4.0.0":
  version: 4.0.1
  resolution: "esprima@npm:4.0.1"
  bin:
    esparse: ./bin/esparse.js
    esvalidate: ./bin/esvalidate.js
  checksum: 08b3015538b1f7f087a4ea49b5a3d8ff9590ecf7eb43511182c9198cfe168a5cc1736c2ae33263c79cfbe9e984c1880ee971b64ad96e7c84db74488e6ee93c1b
  languageName: node
  linkType: hard

"fs.realpath@npm:^1.0.0":
  version: 1.0.0
  resolution: "fs.realpath@npm:1.0.0"
  checksum: 477fb3547134ce67d71531a19b2597028d2efaeced56a2fcb125ba9994a4204685d256795e4a5b68e5d866d11d8d0dd9050937cb44037beb4caeb3acb75602e2
  languageName: node
  linkType: hard

"glob@npm:^7.1.1":
  version: 7.2.3
  resolution: "glob@npm:7.2.3"
  dependencies:
    fs.realpath: "npm:^1.0.0"
    inflight: "npm:^1.0.4"
    inherits: "npm:2"
    minimatch: "npm:^3.1.1"
    once: "npm:^1.3.0"
    path-is-absolute: "npm:^1.0.0"
  checksum: c55966a5db7ed2f30976a1490f3165f9d4e20ac7cabf01b55da4cc4f8f53a4c506e6f427e469c2fbf68636200871f3acf07e159ba6d9b65e7386216b98474a34
  languageName: node
  linkType: hard

"has-flag@npm:^3.0.0":
  version: 3.0.0
  resolution: "has-flag@npm:3.0.0"
  checksum: b1cb757b71bca736b4f7a060d52a7914b1438d7bd7ba3cb783f71728c7a72d51520955d477d54fce75e19a859d93fadc9b707de019c141c45f2e560c48beb1f9
  languageName: node
  linkType: hard

"has@npm:^1.0.3":
  version: 1.0.4
  resolution: "has@npm:1.0.4"
  checksum: 230288a956b44eb2be84a31f59271567604080513869e0ea348da9fe78e4ce8a3a61a5bd933f249da129a354533aec225595605c17fc1931e7338e5185b97a24
  languageName: node
  linkType: hard

"inflight@npm:^1.0.4":
  version: 1.0.6
  resolution: "inflight@npm:1.0.6"
  dependencies:
    once: "npm:^1.3.0"
    wrappy: "npm:1"
  checksum: 40d0e5db34e05d49b9ad9ac678334269745644f73206862a8dee6e50ada1c8b3e70774ce28d5e6e3b03b7b868c9d9ae1edaf6eff253fc50209e4c69decad1811
  languageName: node
  linkType: hard

"inherits@npm:2":
  version: 2.0.4
  resolution: "inherits@npm:2.0.4"
  checksum: ca76c7e45ec715bfe6c1dd67b780b9a15068f37b37ab56cf8b773537b2654238469a42950f5f4d301212755e7512be888f627752e778e1863d95cfedefc8b8bd
  languageName: node
  linkType: hard

"is-core-module@npm:^2.13.0":
  version: 2.13.0
  resolution: "is-core-module@npm:2.13.0"
  dependencies:
    has: "npm:^1.0.3"
  checksum: accd235c8f9ca944e3083dc71fb7808b37e7a87fa6d20fd39aa2a15850905fae2ae757c777d9933353017358d77b8b54b21f7f9109eaf99061070ea4ca6cd2f9
  languageName: node
  linkType: hard

"js-tokens@npm:^4.0.0":
  version: 4.0.0
  resolution: "js-tokens@npm:4.0.0"
  checksum: 47d1c18dc6b9eed4baf1db3d81b36feb95b463201c82ffce0d7a4d65ede596ba97d6ac2468974199705db9ef8a3433606af41fc7bbe7cb25c1dd601785413d9b
  languageName: node
  linkType: hard

"js-yaml@npm:^3.13.1":
  version: 3.14.1
  resolution: "js-yaml@npm:3.14.1"
  dependencies:
    argparse: "npm:^1.0.7"
    esprima: "npm:^4.0.0"
  bin:
    js-yaml: bin/js-yaml.js
  checksum: 1e0e655c5f9917215112c31302061f425cfd33af0d617e30bb043951226b25f582bcf460b197491966ba1452a98f38bc38accc910b416b9783aa1df99af38df2
  languageName: node
  linkType: hard

"minimatch@npm:^3.0.4, minimatch@npm:^3.1.1":
  version: 3.1.2
  resolution: "minimatch@npm:3.1.2"
  dependencies:
    brace-expansion: "npm:^1.1.7"
  checksum: 97f5615ee8f7c0019277dadef7b2b81e5c60d369cb3155cbfb9da72688aef2edb652b105353ff08a6575ae95a6189d1c09a0829b9c254f60849148457c4d8a66
  languageName: node
  linkType: hard

"minimist@npm:^1.2.6":
  version: 1.2.8
  resolution: "minimist@npm:1.2.8"
  checksum: 8598f846f2b7546b22b01ce486df27da216a302367afe17f2a032da12fcb8d33bfbf2c523051230864abf0b806748bd60d4cd0863fae35fe104da1ff6194a185
  languageName: node
  linkType: hard

"mkdirp@npm:^0.5.3":
  version: 0.5.6
  resolution: "mkdirp@npm:0.5.6"
  dependencies:
    minimist: "npm:^1.2.6"
  bin:
    mkdirp: bin/cmd.js
  checksum: 8d9642f5caa481eaf1ec556a101c6a5b1528fa20067afd92115d053dc17043efc52c9b77ade0c0115bca4ebb74169e84cacc7f6004db3d1bd4171e131d512cc5
  languageName: node
  linkType: hard

"once@npm:^1.3.0":
  version: 1.4.0
  resolution: "once@npm:1.4.0"
  dependencies:
    wrappy: "npm:1"
  checksum: 12d5c6ece331855387577e71c96ab5b60269390b131cf9403494206274fa520221c88f8b8d431d7227d080127730460da8907c402ab4142e592c34aacb5c9817
  languageName: node
  linkType: hard

"path-is-absolute@npm:^1.0.0":
  version: 1.0.1
  resolution: "path-is-absolute@npm:1.0.1"
  checksum: 6bb8fef4324c3f744e5d216980aa053095e1fc533d40fa47f9c1adc16be7fa52d3c4858370c7685406c32ab143a4dca0798f2e2c0f57d7937af66d8dd79267f6
  languageName: node
  linkType: hard

"path-parse@npm:^1.0.7":
  version: 1.0.7
  resolution: "path-parse@npm:1.0.7"
  checksum: ca291d7bced407e20480b686d7ef4f9dd112ef00d6f109faa50bbefe8ff9dd51e164781fa0670c7b5d67a88610008e83e594f8294ec809c1b7203c6577ca3777
  languageName: node
  linkType: hard

"resolve@npm:^1.3.2":
  version: 1.22.8
  resolution: "resolve@npm:1.22.8"
  dependencies:
    is-core-module: "npm:^2.13.0"
    path-parse: "npm:^1.0.7"
    supports-preserve-symlinks-flag: "npm:^1.0.0"
  bin:
    resolve: bin/resolve
  checksum: 38d9faa1385ac05c7f8bf7316a2af94098925eca981031c9f770a6b335d033b8cbed29cb140b5781ac8b834d39ab1782368468cf75994403f3e71cab38cf9fe7
  languageName: node
  linkType: hard

"resolve@patch:resolve@npm%3A^1.3.2#optional!builtin<compat/resolve>":
  version: 1.22.8
  resolution: "resolve@patch:resolve@npm%3A1.22.8#optional!builtin<compat/resolve>::version=1.22.8&hash=c3c19d"
  dependencies:
    is-core-module: "npm:^2.13.0"
    path-parse: "npm:^1.0.7"
    supports-preserve-symlinks-flag: "npm:^1.0.0"
  bin:
    resolve: bin/resolve
  checksum: cee9035c5088dcd6f631dfbdc45b35f98750658e47e80b94fc89325bf7d288265b9c85cdd8105a313b0b3a3d617c3191f59e522daa031d7a823d338f90366d68
  languageName: node
  linkType: hard

"semver@npm:^5.3.0":
  version: 5.7.2
  resolution: "semver@npm:5.7.2"
  bin:
    semver: bin/semver
  checksum: dda8cb5644f55174b7f7b22a197d61386ac4869b5fcdb5e3b58a789f2ea302f24639ae7ebe5e96eb08265f858cb87fc9f3cc776133964d95aacbdb9148a7c268
  languageName: node
  linkType: hard

"sprintf-js@npm:~1.0.2":
  version: 1.0.3
  resolution: "sprintf-js@npm:1.0.3"
  checksum: 3e0738f581ab5582868689318a4987ea532cdf220266c1af6fdc5a5091f5c4e758fe3fed9125ac82ed91119ec2cbe0762c0e069b59b929bf70e8bbbf879e56e5
  languageName: node
  linkType: hard

"supports-color@npm:^5.3.0":
  version: 5.5.0
  resolution: "supports-color@npm:5.5.0"
  dependencies:
    has-flag: "npm:^3.0.0"
  checksum: 2eca8c4c8fccd2bd0027af240f85e99b1c9cb221186288dd478ce0fc61bdc07394e47f1bba2c91fe3ae432764772e3639e9c48bef19817267f151ae4a9b9ebef
  languageName: node
  linkType: hard

"supports-preserve-symlinks-flag@npm:^1.0.0":
  version: 1.0.0
  resolution: "supports-preserve-symlinks-flag@npm:1.0.0"
  checksum: 14609489b044de2eaffe0e7549173bb39d6997510ac4b7279d07bf2aafe309205abe172a8c8d248062a24e32ab61a2ae85efc5b4cdf7f932c7cdbe81ca1f39ec
  languageName: node
  linkType: hard

"tslib@npm:^1.13.0, tslib@npm:^1.8.1":
  version: 1.14.1
  resolution: "tslib@npm:1.14.1"
  checksum: 441af59dc42ad4ae57140e62cb362369620c6076845c2c2b0ecc863c1d719ce24fdbc301e9053433fef43075e061bf84b702318ff1204b496a5bba10baf9eb9f
  languageName: node
  linkType: hard

"tslint@npm:^6.1.3":
  version: 6.1.3
  resolution: "tslint@npm:6.1.3"
  dependencies:
    "@babel/code-frame": "npm:^7.0.0"
    builtin-modules: "npm:^1.1.1"
    chalk: "npm:^2.3.0"
    commander: "npm:^2.12.1"
    diff: "npm:^4.0.1"
    glob: "npm:^7.1.1"
    js-yaml: "npm:^3.13.1"
    minimatch: "npm:^3.0.4"
    mkdirp: "npm:^0.5.3"
    resolve: "npm:^1.3.2"
    semver: "npm:^5.3.0"
    tslib: "npm:^1.13.0"
    tsutils: "npm:^2.29.0"
  peerDependencies:
    typescript: ">=2.3.0-dev || >=2.4.0-dev || >=2.5.0-dev || >=2.6.0-dev || >=2.7.0-dev || >=2.8.0-dev || >=2.9.0-dev || >=3.0.0-dev || >= 3.1.0-dev || >= 3.2.0-dev || >= 4.0.0-dev"
  bin:
    tslint: bin/tslint
  checksum: 8685a8c01de79fff4e7742f02c35dde8a88d157fc0959fea1f9bfa399e488b881d01889310b3d18535b18639cd7ef5f0a9552275c1a89b652fc965f6a9d1a479
  languageName: node
  linkType: hard

"tsutils@npm:^2.29.0":
  version: 2.29.0
  resolution: "tsutils@npm:2.29.0"
  dependencies:
    tslib: "npm:^1.8.1"
  peerDependencies:
    typescript: ">=2.1.0 || >=2.1.0-dev || >=2.2.0-dev || >=2.3.0-dev || >=2.4.0-dev || >=2.5.0-dev || >=2.6.0-dev || >=2.7.0-dev || >=2.8.0-dev || >=2.9.0-dev || >= 3.0.0-dev || >= 3.1.0-dev"
  checksum: 775dc546bad19cb2a9293d8b22bf92658959815bc28d2fccc03ca1aba63bd53ceaf6543f3c06a87a097ad01435b0f5ed5032d3be32c03e98c588a89459654909
  languageName: node
  linkType: hard

"typescript@npm:^5.2.2":
  version: 5.2.2
  resolution: "typescript@npm:5.2.2"
  bin:
    tsc: bin/tsc
    tsserver: bin/tsserver
  checksum: 8c5dfc6149a0d5fbad8d55fd9f5cefaf567b6dda42bce8eef7e5f27e6b11d0fc15f4aa4cad3b38394a34f3e9db8b719f5083ab114ddc649e1bc3318327ffa8ca
  languageName: node
  linkType: hard

"typescript@patch:typescript@npm%3A^5.2.2#optional!builtin<compat/typescript>":
  version: 5.2.2
  resolution: "typescript@patch:typescript@npm%3A5.2.2#optional!builtin<compat/typescript>::version=5.2.2&hash=85af82"
  bin:
    tsc: bin/tsc
    tsserver: bin/tsserver
  checksum: b52454ea2b8ba479dd655c4e55ae57c1cec4af21c83c3aa9ab280879a53f3ef4314587b0cfe5e6dd0a082aca4409fef70d0763e762cd0a3e8b38ef70d1dbad67
  languageName: node
  linkType: hard

"wrappy@npm:1":
  version: 1.0.2
  resolution: "wrappy@npm:1.0.2"
  checksum: 37d243a577dfeee20586eae1e3208dfb4e4cea1211a2a4116a19b50d91e619ff3dbc5ec934e28ca9baaa11a65df826c8d65c5fd1bb81f0ce0dadb469d47061c2
  languageName: node
  linkType: hard
